
Microsoft Visual Studio Solution File, Format Version 11.00
# Visual Studio 2010
Project("{FAE04EC0-301F-11D3-BF4B-00C04F79EFBC}") = "Assembly-CSharp", "Assembly-CSharp.csproj", "{5217d1e9-e8f3-5dc3-6665-08d1257580ab}"
EndProject
Project("{FAE04EC0-301F-11D3-BF4B-00C04F79EFBC}") = "Assembly-CSharp-Editor", "Assembly-CSharp-Editor.csproj", "{84a0f383-0d97-5f48-92e4-b0dcbfd81efb}"
EndProject
Global
	GlobalSection(SolutionConfigurationPlatforms) = preSolution
		Debug|Any CPU = Debug|Any CPU
	EndGlobalSection
	GlobalSection(ProjectConfigurationPlatforms) = postSolution
		{5217d1e9-e8f3-5dc3-6665-08d1257580ab}.Debug|Any CPU.ActiveCfg = Debug|Any CPU
		{5217d1e9-e8f3-5dc3-6665-08d1257580ab}.Debug|Any CPU.Build.0 = Debug|Any CPU
		{84a0f383-0d97-5f48-92e4-b0dcbfd81efb}.Debug|Any CPU.ActiveCfg = Debug|Any CPU
		{84a0f383-0d97-5f48-92e4-b0dcbfd81efb}.Debug|Any CPU.Build.0 = Debug|Any CPU
	EndGlobalSection
	GlobalSection(SolutionProperties) = preSolution
		HideSolutionNode = FALSE
	EndGlobalSection
EndGlobal
